// !$*UTF8*$!
{
	archiveVersion = 1;
	classes = {
	};
	objectVersion = 77;
	objects = {

/* Begin PBXBuildFile section */
		1F2640969451EF4323DCABED /* DiskAccountingResult.swift in Sources */ = {isa = PBXBuildFile; fileRef = 9921DE49FF88377717A1B3B5 /* DiskAccountingResult.swift */; };
		23C6B435F8650971423F8967 /* DiskSpaceService.swift in Sources */ = {isa = PBXBuildFile; fileRef = 1D9601CAA1193992B7E7AA1E /* DiskSpaceService.swift */; };
		25A34949AFDCD40C6D929C26 /* StressScanCommand.swift in Sources */ = {isa = PBXBuildFile; fileRef = 682BA88806D93558C3ADEC4A /* StressScanCommand.swift */; };
		25D53FEECF12CC55C4083ED4 /* MainViewModel.swift in Sources */ = {isa = PBXBuildFile; fileRef = 6797B8CC6B8A7749EE273E30 /* MainViewModel.swift */; };
		2885805D6C1159CC536F1DDB /* MenuBarView.swift in Sources */ = {isa = PBXBuildFile; fileRef = CE59D0E4C4CF9EDC7891E253 /* MenuBarView.swift */; };
		3281BD75CCF8244614B7FD63 /* PathManager.swift in Sources */ = {isa = PBXBuildFile; fileRef = 3F36F34441EB516303B2BD52 /* PathManager.swift */; };
		329C620A6865EABA78C690C7 /* SizeBarView.swift in Sources */ = {isa = PBXBuildFile; fileRef = 15F33B39DE84ED14867FAA70 /* SizeBarView.swift */; };
		32E78179E10D430300BF7E64 /* PermissionsService.swift in Sources */ = {isa = PBXBuildFile; fileRef = 2B953D7CD08AC50B0B235D07 /* PermissionsService.swift */; };
		3B4467433F47A7142C0854B0 /* TrackedPath.swift in Sources */ = {isa = PBXBuildFile; fileRef = BC001C18FD4269712CA4509B /* TrackedPath.swift */; };
		4AC78F0F119F18CB3CE23891 /* CategoryDetectionService.swift in Sources */ = {isa = PBXBuildFile; fileRef = 52D26AD1272CBF1764A7E804 /* CategoryDetectionService.swift */; };
		4B0B33CD9EAE0386D6E163A6 /* FSEventsWatcher.swift in Sources */ = {isa = PBXBuildFile; fileRef = ADFA692654D900931A96C796 /* FSEventsWatcher.swift */; };
		4D41E6BE5C1A4553D3D34C63 /* Assets.xcassets in Resources */ = {isa = PBXBuildFile; fileRef = ED22215848F7B27478151FD0 /* Assets.xcassets */; };
		53BD8763724D3CC68ED76FCB /* FSEventsNoiseFilter.swift in Sources */ = {isa = PBXBuildFile; fileRef = C918D45CF08B646E3ABAE820 /* FSEventsNoiseFilter.swift */; };
		5474497B734859A564238117 /* Snapshot.swift in Sources */ = {isa = PBXBuildFile; fileRef = 9E245227FBA99587A6DF0C4A /* Snapshot.swift */; };
		568A6B4175387523687ED559 /* SnapshotEntry.swift in Sources */ = {isa = PBXBuildFile; fileRef = 03FCFE74B7D3EE5B8B0F729C /* SnapshotEntry.swift */; };
		633035A1AE5750C4AAA1FDA5 /* RecentChangeService.swift in Sources */ = {isa = PBXBuildFile; fileRef = 25E6413BC5E09F3DB8AA03F4 /* RecentChangeService.swift */; };
		650E2A6C6CDF0B45A84B5957 /* DrilldownListPane.swift in Sources */ = {isa = PBXBuildFile; fileRef = DE8A8886A955FB6030EB2BB5 /* DrilldownListPane.swift */; };
		6653FC659FE7068CDF28824B /* SettingsStore.swift in Sources */ = {isa = PBXBuildFile; fileRef = 8B3CF2AD939B5B3B85D4CA22 /* SettingsStore.swift */; };
		71630799DA1A7904938D97A5 /* DatabaseCleanupService.swift in Sources */ = {isa = PBXBuildFile; fileRef = 80A10C308A2C694CD6B761DB /* DatabaseCleanupService.swift */; };
		7255BD3EC45E00F82DF3529D /* BaselineService.swift in Sources */ = {isa = PBXBuildFile; fileRef = B471387DC1C177001B18FCD1 /* BaselineService.swift */; };
		7350BAB08F46A3435CB6A374 /* CategoryInventoryItem.swift in Sources */ = {isa = PBXBuildFile; fileRef = 9710F15700CB12CB50CDC585 /* CategoryInventoryItem.swift */; };
		7389AF844788619A1DF413F8 /* DriveBarView.swift in Sources */ = {isa = PBXBuildFile; fileRef = 43903A2B7D47CDB2B20369FB /* DriveBarView.swift */; };
		757C9A064BD647AB176EA1E6 /* GRDB in Frameworks */ = {isa = PBXBuildFile; productRef = E2B22E46386C6B33EB942744 /* GRDB */; };
		7C5339B7F5B27A4AC2298FCD /* ScanService.swift in Sources */ = {isa = PBXBuildFile; fileRef = 3B2EDBB7047DCEE4C3652DC8 /* ScanService.swift */; };
		83C527FDFEE5852731C91453 /* GrowthBarView.swift in Sources */ = {isa = PBXBuildFile; fileRef = 94049E57FB0FCA23630AE64C /* GrowthBarView.swift */; };
		8D1CA082042D60BC7B5D588C /* FileScanner.swift in Sources */ = {isa = PBXBuildFile; fileRef = 40E989B2BA4D011B5C20B82D /* FileScanner.swift */; };
		90EDEF69EAA62103B45A6B9C /* SettingsView.swift in Sources */ = {isa = PBXBuildFile; fileRef = 9CE320653A13DE8203E50C2A /* SettingsView.swift */; };
		9D605AC42435FF5F0928CDA1 /* CategoryGrowthListView.swift in Sources */ = {isa = PBXBuildFile; fileRef = AAC89EB552188712FB917B53 /* CategoryGrowthListView.swift */; };
		AAD75AD05D36C904D0681C59 /* BoundaryConfig.swift in Sources */ = {isa = PBXBuildFile; fileRef = F71C9E671ACF5631597E9040 /* BoundaryConfig.swift */; };
		B34CE7547B6638E67233A027 /* ScanResult.swift in Sources */ = {isa = PBXBuildFile; fileRef = 346A454CD5E69D90C84D7375 /* ScanResult.swift */; };
		B632B7B36A8CC8106FA8B352 /* GrowthCategory.swift in Sources */ = {isa = PBXBuildFile; fileRef = D3B4BF5E009258D8900CB8C5 /* GrowthCategory.swift */; };
		B6D6AFE7F87E1D2812FD6B2E /* PrunrMenuBar.swift in Sources */ = {isa = PBXBuildFile; fileRef = AF0B553533A012BE2ECF5D8B /* PrunrMenuBar.swift */; };
		BBE11586E07D04E351431DBD /* ScanError.swift in Sources */ = {isa = PBXBuildFile; fileRef = 6001A5F6F87F3C900008091D /* ScanError.swift */; };
		C1B816875E44D7EE2D9CED35 /* DatabaseManager.swift in Sources */ = {isa = PBXBuildFile; fileRef = 14CFD6B00057E08E333E4BCA /* DatabaseManager.swift */; };
		C51BB0A8E9DBA9CC3F92608C /* FormattedBytes.swift in Sources */ = {isa = PBXBuildFile; fileRef = 796F6F1A106D7E112D447B19 /* FormattedBytes.swift */; };
		CCADDA2C8B53555582FAD8C5 /* GRDB in Frameworks */ = {isa = PBXBuildFile; productRef = D9A0EE7728E6F09ABE5343D3 /* GRDB */; };
		CF108B3C9788F1F1C26CF774 /* DeltaService.swift in Sources */ = {isa = PBXBuildFile; fileRef = 5AE9E79214A43D2FFF57DC26 /* DeltaService.swift */; };
		D708B58DF59CBCD995F25398 /* Delta.swift in Sources */ = {isa = PBXBuildFile; fileRef = E1FD965ED095B5AD6BC9CE03 /* Delta.swift */; };
		E0C6E09DD20217111EDFCA69 /* DrilldownTransitionCoordinator.swift in Sources */ = {isa = PBXBuildFile; fileRef = 5E6FEE64AD47C800334F9958 /* DrilldownTransitionCoordinator.swift */; };
		E338FC37EE276E7D1346DDDD /* HiddenScrollIndicators.swift in Sources */ = {isa = PBXBuildFile; fileRef = A3EA4C041C7D64E331BF0232 /* HiddenScrollIndicators.swift */; };
		F106F7F5C105C8CD3A15021D /* MenuBarManager.swift in Sources */ = {isa = PBXBuildFile; fileRef = 08EB343218571F3B97D51611 /* MenuBarManager.swift */; };
		F1516F105D412B399A09CFFE /* PrunrSmokeTests.swift in Sources */ = {isa = PBXBuildFile; fileRef = AD8D4EB6F8A0B9C7511BF043 /* PrunrSmokeTests.swift */; };
		F3ED05960EF85A2BBE4D45EB /* GrowthJournalService.swift in Sources */ = {isa = PBXBuildFile; fileRef = 5B0E8371562FF170C5B1E542 /* GrowthJournalService.swift */; };
		6DDEC09A94F24F649DB995C7 /* Logger+Prunr.swift in Sources */ = {isa = PBXBuildFile; fileRef = 60BF3766A9AC4D7F9B625E63 /* Logger+Prunr.swift */; };
/* End PBXBuildFile section */

/* Begin PBXContainerItemProxy section */
		96CE4A0608C5AA80BF508084 /* PBXContainerItemProxy */ = {
			isa = PBXContainerItemProxy;
			containerPortal = 35C9CAF2C3BD4CC0F2F5BA24 /* Project object */;
			proxyType = 1;
			remoteGlobalIDString = 46FDD2B923573AFFAE7086E1;
			remoteInfo = Prunr;
		};
/* End PBXContainerItemProxy section */

/* Begin PBXFileReference section */
		03FCFE74B7D3EE5B8B0F729C /* SnapshotEntry.swift */ = {isa = PBXFileReference; lastKnownFileType = sourcecode.swift; path = SnapshotEntry.swift; sourceTree = "<group>"; };
		08EB343218571F3B97D51611 /* MenuBarManager.swift */ = {isa = PBXFileReference; lastKnownFileType = sourcecode.swift; path = MenuBarManager.swift; sourceTree = "<group>"; };
		14CFD6B00057E08E333E4BCA /* DatabaseManager.swift */ = {isa = PBXFileReference; lastKnownFileType = sourcecode.swift; path = DatabaseManager.swift; sourceTree = "<group>"; };
		15F33B39DE84ED14867FAA70 /* SizeBarView.swift */ = {isa = PBXFileReference; lastKnownFileType = sourcecode.swift; path = SizeBarView.swift; sourceTree = "<group>"; };
		1D9601CAA1193992B7E7AA1E /* DiskSpaceService.swift */ = {isa = PBXFileReference; lastKnownFileType = sourcecode.swift; path = DiskSpaceService.swift; sourceTree = "<group>"; };
		25E6413BC5E09F3DB8AA03F4 /* RecentChangeService.swift */ = {isa = PBXFileReference; lastKnownFileType = sourcecode.swift; path = RecentChangeService.swift; sourceTree = "<group>"; };
		2B953D7CD08AC50B0B235D07 /* PermissionsService.swift */ = {isa = PBXFileReference; lastKnownFileType = sourcecode.swift; path = PermissionsService.swift; sourceTree = "<group>"; };
		346A454CD5E69D90C84D7375 /* ScanResult.swift */ = {isa = PBXFileReference; lastKnownFileType = sourcecode.swift; path = ScanResult.swift; sourceTree = "<group>"; };
		38637F37D3A1771F44AD4C7F /* Prunr.entitlements */ = {isa = PBXFileReference; lastKnownFileType = text.plist.entitlements; path = Prunr.entitlements; sourceTree = "<group>"; };
		3B2EDBB7047DCEE4C3652DC8 /* ScanService.swift */ = {isa = PBXFileReference; lastKnownFileType = sourcecode.swift; path = ScanService.swift; sourceTree = "<group>"; };
		3F36F34441EB516303B2BD52 /* PathManager.swift */ = {isa = PBXFileReference; lastKnownFileType = sourcecode.swift; path = PathManager.swift; sourceTree = "<group>"; };
		40E989B2BA4D011B5C20B82D /* FileScanner.swift */ = {isa = PBXFileReference; lastKnownFileType = sourcecode.swift; path = FileScanner.swift; sourceTree = "<group>"; };
		43903A2B7D47CDB2B20369FB /* DriveBarView.swift */ = {isa = PBXFileReference; lastKnownFileType = sourcecode.swift; path = DriveBarView.swift; sourceTree = "<group>"; };
		52D26AD1272CBF1764A7E804 /* CategoryDetectionService.swift */ = {isa = PBXFileReference; lastKnownFileType = sourcecode.swift; path = CategoryDetectionService.swift; sourceTree = "<group>"; };
		5AE9E79214A43D2FFF57DC26 /* DeltaService.swift */ = {isa = PBXFileReference; lastKnownFileType = sourcecode.swift; path = DeltaService.swift; sourceTree = "<group>"; };
		5B0E8371562FF170C5B1E542 /* GrowthJournalService.swift */ = {isa = PBXFileReference; lastKnownFileType = sourcecode.swift; path = GrowthJournalService.swift; sourceTree = "<group>"; };
		5E6FEE64AD47C800334F9958 /* DrilldownTransitionCoordinator.swift */ = {isa = PBXFileReference; lastKnownFileType = sourcecode.swift; path = DrilldownTransitionCoordinator.swift; sourceTree = "<group>"; };
		6001A5F6F87F3C900008091D /* ScanError.swift */ = {isa = PBXFileReference; lastKnownFileType = sourcecode.swift; path = ScanError.swift; sourceTree = "<group>"; };
		6797B8CC6B8A7749EE273E30 /* MainViewModel.swift */ = {isa = PBXFileReference; lastKnownFileType = sourcecode.swift; path = MainViewModel.swift; sourceTree = "<group>"; };
		682BA88806D93558C3ADEC4A /* StressScanCommand.swift */ = {isa = PBXFileReference; lastKnownFileType = sourcecode.swift; path = StressScanCommand.swift; sourceTree = "<group>"; };
		796F6F1A106D7E112D447B19 /* FormattedBytes.swift */ = {isa = PBXFileReference; lastKnownFileType = sourcecode.swift; path = FormattedBytes.swift; sourceTree = "<group>"; };
		7E0A1EBF8B0D38213426D86D /* PrunrTests.xctest */ = {isa = PBXFileReference; explicitFileType = wrapper.cfbundle; includeInIndex = 0; path = PrunrTests.xctest; sourceTree = BUILT_PRODUCTS_DIR; };
		80A10C308A2C694CD6B761DB /* DatabaseCleanupService.swift */ = {isa = PBXFileReference; lastKnownFileType = sourcecode.swift; path = DatabaseCleanupService.swift; sourceTree = "<group>"; };
		8B3CF2AD939B5B3B85D4CA22 /* SettingsStore.swift */ = {isa = PBXFileReference; lastKnownFileType = sourcecode.swift; path = SettingsStore.swift; sourceTree = "<group>"; };
		94049E57FB0FCA23630AE64C /* GrowthBarView.swift */ = {isa = PBXFileReference; lastKnownFileType = sourcecode.swift; path = GrowthBarView.swift; sourceTree = "<group>"; };
		9710F15700CB12CB50CDC585 /* CategoryInventoryItem.swift */ = {isa = PBXFileReference; lastKnownFileType = sourcecode.swift; path = CategoryInventoryItem.swift; sourceTree = "<group>"; };
		9921DE49FF88377717A1B3B5 /* DiskAccountingResult.swift */ = {isa = PBXFileReference; lastKnownFileType = sourcecode.swift; path = DiskAccountingResult.swift; sourceTree = "<group>"; };
		9CE320653A13DE8203E50C2A /* SettingsView.swift */ = {isa = PBXFileReference; lastKnownFileType = sourcecode.swift; path = SettingsView.swift; sourceTree = "<group>"; };
		9E245227FBA99587A6DF0C4A /* Snapshot.swift */ = {isa = PBXFileReference; lastKnownFileType = sourcecode.swift; path = Snapshot.swift; sourceTree = "<group>"; };
		A3EA4C041C7D64E331BF0232 /* HiddenScrollIndicators.swift */ = {isa = PBXFileReference; lastKnownFileType = sourcecode.swift; path = HiddenScrollIndicators.swift; sourceTree = "<group>"; };
		AAC89EB552188712FB917B53 /* CategoryGrowthListView.swift */ = {isa = PBXFileReference; lastKnownFileType = sourcecode.swift; path = CategoryGrowthListView.swift; sourceTree = "<group>"; };
		AD8D4EB6F8A0B9C7511BF043 /* PrunrSmokeTests.swift */ = {isa = PBXFileReference; lastKnownFileType = sourcecode.swift; path = PrunrSmokeTests.swift; sourceTree = "<group>"; };
		ADFA692654D900931A96C796 /* FSEventsWatcher.swift */ = {isa = PBXFileReference; lastKnownFileType = sourcecode.swift; path = FSEventsWatcher.swift; sourceTree = "<group>"; };
		AF0B553533A012BE2ECF5D8B /* PrunrMenuBar.swift */ = {isa = PBXFileReference; lastKnownFileType = sourcecode.swift; path = PrunrMenuBar.swift; sourceTree = "<group>"; };
		B471387DC1C177001B18FCD1 /* BaselineService.swift */ = {isa = PBXFileReference; lastKnownFileType = sourcecode.swift; path = BaselineService.swift; sourceTree = "<group>"; };
		BC001C18FD4269712CA4509B /* TrackedPath.swift */ = {isa = PBXFileReference; lastKnownFileType = sourcecode.swift; path = TrackedPath.swift; sourceTree = "<group>"; };
		C918D45CF08B646E3ABAE820 /* FSEventsNoiseFilter.swift */ = {isa = PBXFileReference; lastKnownFileType = sourcecode.swift; path = FSEventsNoiseFilter.swift; sourceTree = "<group>"; };
		CE59D0E4C4CF9EDC7891E253 /* MenuBarView.swift */ = {isa = PBXFileReference; lastKnownFileType = sourcecode.swift; path = MenuBarView.swift; sourceTree = "<group>"; };
		D3B4BF5E009258D8900CB8C5 /* GrowthCategory.swift */ = {isa = PBXFileReference; lastKnownFileType = sourcecode.swift; path = GrowthCategory.swift; sourceTree = "<group>"; };
		D83456A7D2578909EED3647E /* GRDB.swift */ = {isa = PBXFileReference; lastKnownFileType = folder; name = GRDB.swift; path = LocalPackages/GRDB.swift; sourceTree = SOURCE_ROOT; };
		DE8A8886A955FB6030EB2BB5 /* DrilldownListPane.swift */ = {isa = PBXFileReference; lastKnownFileType = sourcecode.swift; path = DrilldownListPane.swift; sourceTree = "<group>"; };
		E1FD965ED095B5AD6BC9CE03 /* Delta.swift */ = {isa = PBXFileReference; lastKnownFileType = sourcecode.swift; path = Delta.swift; sourceTree = "<group>"; };
		E66E49820CB5A9702B7565F3 /* Prunr.app */ = {isa = PBXFileReference; explicitFileType = wrapper.application; includeInIndex = 0; path = Prunr.app; sourceTree = BUILT_PRODUCTS_DIR; };
		ED22215848F7B27478151FD0 /* Assets.xcassets */ = {isa = PBXFileReference; lastKnownFileType = folder.assetcatalog; path = Assets.xcassets; sourceTree = "<group>"; };
		F71C9E671ACF5631597E9040 /* BoundaryConfig.swift */ = {isa = PBXFileReference; lastKnownFileType = sourcecode.swift; path = BoundaryConfig.swift; sourceTree = "<group>"; };
		60BF3766A9AC4D7F9B625E63 /* Logger+Prunr.swift */ = {isa = PBXFileReference; lastKnownFileType = sourcecode.swift; path = "Logger+Prunr.swift"; sourceTree = "<group>"; };
/* End PBXFileReference section */

/* Begin PBXFrameworksBuildPhase section */
		D481C936669AA589F4B242D3 /* Frameworks */ = {
			isa = PBXFrameworksBuildPhase;
			buildActionMask = 2147483647;
			files = (
				CCADDA2C8B53555582FAD8C5 /* GRDB in Frameworks */,
			);
			runOnlyForDeploymentPostprocessing = 0;
		};
		EAD97D87BE6C50377E7D2D41 /* Frameworks */ = {
			isa = PBXFrameworksBuildPhase;
			buildActionMask = 2147483647;
			files = (
				757C9A064BD647AB176EA1E6 /* GRDB in Frameworks */,
			);
			runOnlyForDeploymentPostprocessing = 0;
		};
/* End PBXFrameworksBuildPhase section */

/* Begin PBXGroup section */
		0C3CD6C1B41BB695671D7A29 /* Helpers */ = {
			isa = PBXGroup;
			children = (
				796F6F1A106D7E112D447B19 /* FormattedBytes.swift */,
				A3EA4C041C7D64E331BF0232 /* HiddenScrollIndicators.swift */,
			);
			path = Helpers;
			sourceTree = "<group>";
		};
		9810C7B7AA044F21BA71686A /* Extensions */ = {
			isa = PBXGroup;
			children = (
				60BF3766A9AC4D7F9B625E63 /* Logger+Prunr.swift */,
			);
			path = Extensions;
			sourceTree = "<group>";
		};
		24F70926B3F80886CE61DA79 /* Views */ = {
			isa = PBXGroup;
			children = (
				AAC89EB552188712FB917B53 /* CategoryGrowthListView.swift */,
				DE8A8886A955FB6030EB2BB5 /* DrilldownListPane.swift */,
				5E6FEE64AD47C800334F9958 /* DrilldownTransitionCoordinator.swift */,
				43903A2B7D47CDB2B20369FB /* DriveBarView.swift */,
				94049E57FB0FCA23630AE64C /* GrowthBarView.swift */,
				CE59D0E4C4CF9EDC7891E253 /* MenuBarView.swift */,
				9CE320653A13DE8203E50C2A /* SettingsView.swift */,
				15F33B39DE84ED14867FAA70 /* SizeBarView.swift */,
			);
			path = Views;
			sourceTree = "<group>";
		};
		2D9856A0B1E812DABF75E885 /* PrunrTests */ = {
			isa = PBXGroup;
			children = (
				AD8D4EB6F8A0B9C7511BF043 /* PrunrSmokeTests.swift */,
			);
			path = PrunrTests;
			sourceTree = "<group>";
		};
		33B922209660941502E57784 /* Prunr */ = {
			isa = PBXGroup;
			children = (
				ED22215848F7B27478151FD0 /* Assets.xcassets */,
				38637F37D3A1771F44AD4C7F /* Prunr.entitlements */,
				AF0B553533A012BE2ECF5D8B /* PrunrMenuBar.swift */,
				56751E7EE62C9E82649CB0AA /* Database */,
								9810C7B7AA044F21BA71686A /* Extensions */,
				0C3CD6C1B41BB695671D7A29 /* Helpers */,
				6603BC89DB63F850EB1142DA /* Models */,
				A2C90757D9C5F1EB240440BB /* Services */,
				907230056E29C7420203241C /* ViewModels */,
				24F70926B3F80886CE61DA79 /* Views */,
			);
			path = Prunr;
			sourceTree = "<group>";
		};
		53A1F43932685BF2DD15C4C9 /* Packages */ = {
			isa = PBXGroup;
			children = (
				D83456A7D2578909EED3647E /* GRDB.swift */,
			);
			name = Packages;
			sourceTree = "<group>";
		};
		56751E7EE62C9E82649CB0AA /* Database */ = {
			isa = PBXGroup;
			children = (
				14CFD6B00057E08E333E4BCA /* DatabaseManager.swift */,
			);
			path = Database;
			sourceTree = "<group>";
		};
		6603BC89DB63F850EB1142DA /* Models */ = {
			isa = PBXGroup;
			children = (
				F71C9E671ACF5631597E9040 /* BoundaryConfig.swift */,
				9710F15700CB12CB50CDC585 /* CategoryInventoryItem.swift */,
				E1FD965ED095B5AD6BC9CE03 /* Delta.swift */,
				9921DE49FF88377717A1B3B5 /* DiskAccountingResult.swift */,
				D3B4BF5E009258D8900CB8C5 /* GrowthCategory.swift */,
				6001A5F6F87F3C900008091D /* ScanError.swift */,
				346A454CD5E69D90C84D7375 /* ScanResult.swift */,
				9E245227FBA99587A6DF0C4A /* Snapshot.swift */,
				03FCFE74B7D3EE5B8B0F729C /* SnapshotEntry.swift */,
				BC001C18FD4269712CA4509B /* TrackedPath.swift */,
			);
			path = Models;
			sourceTree = "<group>";
		};
		907230056E29C7420203241C /* ViewModels */ = {
			isa = PBXGroup;
			children = (
				6797B8CC6B8A7749EE273E30 /* MainViewModel.swift */,
				3F36F34441EB516303B2BD52 /* PathManager.swift */,
				8B3CF2AD939B5B3B85D4CA22 /* SettingsStore.swift */,
			);
			path = ViewModels;
			sourceTree = "<group>";
		};
		A2C90757D9C5F1EB240440BB /* Services */ = {
			isa = PBXGroup;
			children = (
				B471387DC1C177001B18FCD1 /* BaselineService.swift */,
				52D26AD1272CBF1764A7E804 /* CategoryDetectionService.swift */,
				80A10C308A2C694CD6B761DB /* DatabaseCleanupService.swift */,
				5AE9E79214A43D2FFF57DC26 /* DeltaService.swift */,
				1D9601CAA1193992B7E7AA1E /* DiskSpaceService.swift */,
				40E989B2BA4D011B5C20B82D /* FileScanner.swift */,
				C918D45CF08B646E3ABAE820 /* FSEventsNoiseFilter.swift */,
				ADFA692654D900931A96C796 /* FSEventsWatcher.swift */,
				5B0E8371562FF170C5B1E542 /* GrowthJournalService.swift */,
				08EB343218571F3B97D51611 /* MenuBarManager.swift */,
				2B953D7CD08AC50B0B235D07 /* PermissionsService.swift */,
				25E6413BC5E09F3DB8AA03F4 /* RecentChangeService.swift */,
				3B2EDBB7047DCEE4C3652DC8 /* ScanService.swift */,
				682BA88806D93558C3ADEC4A /* StressScanCommand.swift */,
			);
			path = Services;
			sourceTree = "<group>";
		};
		A6C820E94E5753C058F21534 /* Products */ = {
			isa = PBXGroup;
			children = (
				E66E49820CB5A9702B7565F3 /* Prunr.app */,
				7E0A1EBF8B0D38213426D86D /* PrunrTests.xctest */,
			);
			name = Products;
			sourceTree = "<group>";
		};
		EA28DFFF7696715E2929600A = {
			isa = PBXGroup;
			children = (
				53A1F43932685BF2DD15C4C9 /* Packages */,
				33B922209660941502E57784 /* Prunr */,
				2D9856A0B1E812DABF75E885 /* PrunrTests */,
				A6C820E94E5753C058F21534 /* Products */,
			);
			sourceTree = "<group>";
		};
/* End PBXGroup section */

/* Begin PBXNativeTarget section */
		0C42603AADC66FD67BD39A1A /* PrunrTests */ = {
			isa = PBXNativeTarget;
			buildConfigurationList = 72634843F4CFC336A4E74BFD /* Build configuration list for PBXNativeTarget "PrunrTests" */;
			buildPhases = (
				437153F97CCFBE015484CE11 /* Sources */,
				D481C936669AA589F4B242D3 /* Frameworks */,
			);
			buildRules = (
			);
			dependencies = (
				47077EDD94784DF3689CB8AD /* PBXTargetDependency */,
			);
			name = PrunrTests;
			packageProductDependencies = (
				D9A0EE7728E6F09ABE5343D3 /* GRDB */,
			);
			productName = PrunrTests;
			productReference = 7E0A1EBF8B0D38213426D86D /* PrunrTests.xctest */;
			productType = "com.apple.product-type.bundle.unit-test";
		};
		46FDD2B923573AFFAE7086E1 /* Prunr */ = {
			isa = PBXNativeTarget;
			buildConfigurationList = 196531A0B49F1272144606EB /* Build configuration list for PBXNativeTarget "Prunr" */;
			buildPhases = (
				6769FB6A67220CA3C0DD1AF9 /* Sources */,
				5395B46D742E02C6C028D0CB /* Resources */,
				EAD97D87BE6C50377E7D2D41 /* Frameworks */,
			);
			buildRules = (
			);
			dependencies = (
			);
			name = Prunr;
			packageProductDependencies = (
				E2B22E46386C6B33EB942744 /* GRDB */,
			);
			productName = Prunr;
			productReference = E66E49820CB5A9702B7565F3 /* Prunr.app */;
			productType = "com.apple.product-type.application";
		};
/* End PBXNativeTarget section */

/* Begin PBXProject section */
		35C9CAF2C3BD4CC0F2F5BA24 /* Project object */ = {
			isa = PBXProject;
			attributes = {
				BuildIndependentTargetsInParallel = YES;
				LastUpgradeCheck = 1500;
				TargetAttributes = {
					46FDD2B923573AFFAE7086E1 = {
						DevelopmentTeam = "$(DEVELOPMENT_TEAM)";
						ProvisioningStyle = Automatic;
					};
				};
			};
			buildConfigurationList = 5D7E41E8F8A0DC7CCC8029F0 /* Build configuration list for PBXProject "Prunr" */;
			developmentRegion = en;
			hasScannedForEncodings = 0;
			knownRegions = (
				Base,
				en,
			);
			mainGroup = EA28DFFF7696715E2929600A;
			minimizedProjectReferenceProxies = 1;
			packageReferences = (
				5366D07FEA40584CA8589E35 /* XCLocalSwiftPackageReference "LocalPackages/GRDB.swift" */,
			);
			preferredProjectObjectVersion = 77;
			productRefGroup = A6C820E94E5753C058F21534 /* Products */;
			projectDirPath = "";
			projectRoot = "";
			targets = (
				46FDD2B923573AFFAE7086E1 /* Prunr */,
				0C42603AADC66FD67BD39A1A /* PrunrTests */,
			);
		};
/* End PBXProject section */

/* Begin PBXResourcesBuildPhase section */
		5395B46D742E02C6C028D0CB /* Resources */ = {
			isa = PBXResourcesBuildPhase;
			buildActionMask = 2147483647;
			files = (
				4D41E6BE5C1A4553D3D34C63 /* Assets.xcassets in Resources */,
			);
			runOnlyForDeploymentPostprocessing = 0;
		};
/* End PBXResourcesBuildPhase section */

/* Begin PBXSourcesBuildPhase section */
		437153F97CCFBE015484CE11 /* Sources */ = {
			isa = PBXSourcesBuildPhase;
			buildActionMask = 2147483647;
			files = (
				F1516F105D412B399A09CFFE /* PrunrSmokeTests.swift in Sources */,
			);
			runOnlyForDeploymentPostprocessing = 0;
		};
		6769FB6A67220CA3C0DD1AF9 /* Sources */ = {
			isa = PBXSourcesBuildPhase;
			buildActionMask = 2147483647;
			files = (
				7255BD3EC45E00F82DF3529D /* BaselineService.swift in Sources */,
				AAD75AD05D36C904D0681C59 /* BoundaryConfig.swift in Sources */,
				4AC78F0F119F18CB3CE23891 /* CategoryDetectionService.swift in Sources */,
				9D605AC42435FF5F0928CDA1 /* CategoryGrowthListView.swift in Sources */,
				7350BAB08F46A3435CB6A374 /* CategoryInventoryItem.swift in Sources */,
				71630799DA1A7904938D97A5 /* DatabaseCleanupService.swift in Sources */,
				C1B816875E44D7EE2D9CED35 /* DatabaseManager.swift in Sources */,
				D708B58DF59CBCD995F25398 /* Delta.swift in Sources */,
				CF108B3C9788F1F1C26CF774 /* DeltaService.swift in Sources */,
				1F2640969451EF4323DCABED /* DiskAccountingResult.swift in Sources */,
				23C6B435F8650971423F8967 /* DiskSpaceService.swift in Sources */,
				650E2A6C6CDF0B45A84B5957 /* DrilldownListPane.swift in Sources */,
				E0C6E09DD20217111EDFCA69 /* DrilldownTransitionCoordinator.swift in Sources */,
				7389AF844788619A1DF413F8 /* DriveBarView.swift in Sources */,
				53BD8763724D3CC68ED76FCB /* FSEventsNoiseFilter.swift in Sources */,
				4B0B33CD9EAE0386D6E163A6 /* FSEventsWatcher.swift in Sources */,
				8D1CA082042D60BC7B5D588C /* FileScanner.swift in Sources */,
				C51BB0A8E9DBA9CC3F92608C /* FormattedBytes.swift in Sources */,
				6DDEC09A94F24F649DB995C7 /* Logger+Prunr.swift in Sources */,
				83C527FDFEE5852731C91453 /* GrowthBarView.swift in Sources */,
				B632B7B36A8CC8106FA8B352 /* GrowthCategory.swift in Sources */,
				F3ED05960EF85A2BBE4D45EB /* GrowthJournalService.swift in Sources */,
				E338FC37EE276E7D1346DDDD /* HiddenScrollIndicators.swift in Sources */,
				25D53FEECF12CC55C4083ED4 /* MainViewModel.swift in Sources */,
				F106F7F5C105C8CD3A15021D /* MenuBarManager.swift in Sources */,
				2885805D6C1159CC536F1DDB /* MenuBarView.swift in Sources */,
				3281BD75CCF8244614B7FD63 /* PathManager.swift in Sources */,
				32E78179E10D430300BF7E64 /* PermissionsService.swift in Sources */,
				B6D6AFE7F87E1D2812FD6B2E /* PrunrMenuBar.swift in Sources */,
				633035A1AE5750C4AAA1FDA5 /* RecentChangeService.swift in Sources */,
				BBE11586E07D04E351431DBD /* ScanError.swift in Sources */,
				B34CE7547B6638E67233A027 /* ScanResult.swift in Sources */,
				7C5339B7F5B27A4AC2298FCD /* ScanService.swift in Sources */,
				6653FC659FE7068CDF28824B /* SettingsStore.swift in Sources */,
				90EDEF69EAA62103B45A6B9C /* SettingsView.swift in Sources */,
				329C620A6865EABA78C690C7 /* SizeBarView.swift in Sources */,
				5474497B734859A564238117 /* Snapshot.swift in Sources */,
				568A6B4175387523687ED559 /* SnapshotEntry.swift in Sources */,
				25A34949AFDCD40C6D929C26 /* StressScanCommand.swift in Sources */,
				3B4467433F47A7142C0854B0 /* TrackedPath.swift in Sources */,
			);
			runOnlyForDeploymentPostprocessing = 0;
		};
/* End PBXSourcesBuildPhase section */

/* Begin PBXTargetDependency section */
		47077EDD94784DF3689CB8AD /* PBXTargetDependency */ = {
			isa = PBXTargetDependency;
			target = 46FDD2B923573AFFAE7086E1 /* Prunr */;
			targetProxy = 96CE4A0608C5AA80BF508084 /* PBXContainerItemProxy */;
		};
/* End PBXTargetDependency section */

/* Begin XCBuildConfiguration section */
		085FFC2EFF1557A611C399CD /* Debug */ = {
			isa = XCBuildConfiguration;
			buildSettings = {
				ASSETCATALOG_COMPILER_APPICON_NAME = AppIcon;
				CODE_SIGN_ENTITLEMENTS = Prunr/Prunr.entitlements;
				CODE_SIGN_STYLE = Automatic;
				COMBINE_HIDPI_IMAGES = YES;
				CURRENT_PROJECT_VERSION = 1;
				DEVELOPMENT_TEAM = "$(DEVELOPMENT_TEAM)";
				ENABLE_PREVIEWS = YES;
				GENERATE_INFOPLIST_FILE = YES;
				INFOPLIST_KEY_LSApplicationCategoryType = "public.app-category.utilities";
				INFOPLIST_KEY_LSMinimumSystemVersion = 14.0;
				INFOPLIST_KEY_NSHumanReadableCopyright = "Copyright © 2026";
				LD_RUNPATH_SEARCH_PATHS = (
					"$(inherited)",
					"@executable_path/../Frameworks",
				);
				MARKETING_VERSION = 0.1.2;
				PRODUCT_BUNDLE_IDENTIFIER = com.prunr.app;
				PRODUCT_NAME = Prunr;
				SDKROOT = macosx;
				SWIFT_VERSION = 5.0;
			};
			name = Debug;
		};
		4B4AF850FA51C72B28C9D5EE /* Release */ = {
			isa = XCBuildConfiguration;
			buildSettings = {
				BUNDLE_LOADER = "$(TEST_HOST)";
				COMBINE_HIDPI_IMAGES = YES;
				GENERATE_INFOPLIST_FILE = YES;
				LD_RUNPATH_SEARCH_PATHS = (
					"$(inherited)",
					"@executable_path/../Frameworks",
					"@loader_path/../Frameworks",
				);
				PRODUCT_BUNDLE_IDENTIFIER = com.prunr.app.tests;
				PRODUCT_NAME = PrunrTests;
				SDKROOT = macosx;
				SWIFT_VERSION = 5.0;
				TEST_HOST = "$(BUILT_PRODUCTS_DIR)/Prunr.app/Contents/MacOS/Prunr";
			};
			name = Release;
		};
		D236BE25955E76460ED54F42 /* Debug */ = {
			isa = XCBuildConfiguration;
			buildSettings = {
				ALWAYS_SEARCH_USER_PATHS = NO;
				CLANG_ANALYZER_NONNULL = YES;
				CLANG_ANALYZER_NUMBER_OBJECT_CONVERSION = YES_AGGRESSIVE;
				CLANG_CXX_LANGUAGE_STANDARD = "gnu++14";
				CLANG_CXX_LIBRARY = "libc++";
				CLANG_ENABLE_MODULES = YES;
				CLANG_ENABLE_OBJC_ARC = YES;
				CLANG_ENABLE_OBJC_WEAK = YES;
				CLANG_WARN_BLOCK_CAPTURE_AUTORELEASING = YES;
				CLANG_WARN_BOOL_CONVERSION = YES;
				CLANG_WARN_COMMA = YES;
				CLANG_WARN_CONSTANT_CONVERSION = YES;
				CLANG_WARN_DEPRECATED_OBJC_IMPLEMENTATIONS = YES;
				CLANG_WARN_DIRECT_OBJC_ISA_USAGE = YES_ERROR;
				CLANG_WARN_DOCUMENTATION_COMMENTS = YES;
				CLANG_WARN_EMPTY_BODY = YES;
				CLANG_WARN_ENUM_CONVERSION = YES;
				CLANG_WARN_INFINITE_RECURSION = YES;
				CLANG_WARN_INT_CONVERSION = YES;
				CLANG_WARN_NON_LITERAL_NULL_CONVERSION = YES;
				CLANG_WARN_OBJC_IMPLICIT_RETAIN_SELF = YES;
				CLANG_WARN_OBJC_LITERAL_CONVERSION = YES;
				CLANG_WARN_OBJC_ROOT_CLASS = YES_ERROR;
				CLANG_WARN_QUOTED_INCLUDE_IN_FRAMEWORK_HEADER = YES;
				CLANG_WARN_RANGE_LOOP_ANALYSIS = YES;
				CLANG_WARN_STRICT_PROTOTYPES = YES;
				CLANG_WARN_SUSPICIOUS_MOVE = YES;
				CLANG_WARN_UNGUARDED_AVAILABILITY = YES_AGGRESSIVE;
				CLANG_WARN_UNREACHABLE_CODE = YES;
				CLANG_WARN__DUPLICATE_METHOD_MATCH = YES;
				COPY_PHASE_STRIP = NO;
				DEBUG_INFORMATION_FORMAT = dwarf;
				ENABLE_STRICT_OBJC_MSGSEND = YES;
				ENABLE_TESTABILITY = YES;
				GCC_C_LANGUAGE_STANDARD = gnu11;
				GCC_DYNAMIC_NO_PIC = NO;
				GCC_NO_COMMON_BLOCKS = YES;
				GCC_OPTIMIZATION_LEVEL = 0;
				GCC_PREPROCESSOR_DEFINITIONS = (
					"$(inherited)",
					"DEBUG=1",
				);
				GCC_WARN_64_TO_32_BIT_CONVERSION = YES;
				GCC_WARN_ABOUT_RETURN_TYPE = YES_ERROR;
				GCC_WARN_UNDECLARED_SELECTOR = YES;
				GCC_WARN_UNINITIALIZED_AUTOS = YES_AGGRESSIVE;
				GCC_WARN_UNUSED_FUNCTION = YES;
				GCC_WARN_UNUSED_VARIABLE = YES;
				MACOSX_DEPLOYMENT_TARGET = 14.0;
				MTL_ENABLE_DEBUG_INFO = INCLUDE_SOURCE;
				MTL_FAST_MATH = YES;
				ONLY_ACTIVE_ARCH = YES;
				PRODUCT_NAME = "$(TARGET_NAME)";
				SDKROOT = macosx;
				SWIFT_ACTIVE_COMPILATION_CONDITIONS = DEBUG;
				SWIFT_OPTIMIZATION_LEVEL = "-Onone";
				SWIFT_VERSION = 5.0;
			};
			name = Debug;
		};
		FC2ADB15CD31778BCBFF8104 /* Release */ = {
			isa = XCBuildConfiguration;
			buildSettings = {
				ALWAYS_SEARCH_USER_PATHS = NO;
				CLANG_ANALYZER_NONNULL = YES;
				CLANG_ANALYZER_NUMBER_OBJECT_CONVERSION = YES_AGGRESSIVE;
				CLANG_CXX_LANGUAGE_STANDARD = "gnu++14";
				CLANG_CXX_LIBRARY = "libc++";
				CLANG_ENABLE_MODULES = YES;
				CLANG_ENABLE_OBJC_ARC = YES;
				CLANG_ENABLE_OBJC_WEAK = YES;
				CLANG_WARN_BLOCK_CAPTURE_AUTORELEASING = YES;
				CLANG_WARN_BOOL_CONVERSION = YES;
				CLANG_WARN_COMMA = YES;
				CLANG_WARN_CONSTANT_CONVERSION = YES;
				CLANG_WARN_DEPRECATED_OBJC_IMPLEMENTATIONS = YES;
				CLANG_WARN_DIRECT_OBJC_ISA_USAGE = YES_ERROR;
				CLANG_WARN_DOCUMENTATION_COMMENTS = YES;
				CLANG_WARN_EMPTY_BODY = YES;
				CLANG_WARN_ENUM_CONVERSION = YES;
				CLANG_WARN_INFINITE_RECURSION = YES;
				CLANG_WARN_INT_CONVERSION = YES;
				CLANG_WARN_NON_LITERAL_NULL_CONVERSION = YES;
				CLANG_WARN_OBJC_IMPLICIT_RETAIN_SELF = YES;
				CLANG_WARN_OBJC_LITERAL_CONVERSION = YES;
				CLANG_WARN_OBJC_ROOT_CLASS = YES_ERROR;
				CLANG_WARN_QUOTED_INCLUDE_IN_FRAMEWORK_HEADER = YES;
				CLANG_WARN_RANGE_LOOP_ANALYSIS = YES;
				CLANG_WARN_STRICT_PROTOTYPES = YES;
				CLANG_WARN_SUSPICIOUS_MOVE = YES;
				CLANG_WARN_UNGUARDED_AVAILABILITY = YES_AGGRESSIVE;
				CLANG_WARN_UNREACHABLE_CODE = YES;
				CLANG_WARN__DUPLICATE_METHOD_MATCH = YES;
				COPY_PHASE_STRIP = NO;
				DEBUG_INFORMATION_FORMAT = "dwarf-with-dsym";
				ENABLE_NS_ASSERTIONS = NO;
				ENABLE_STRICT_OBJC_MSGSEND = YES;
				GCC_C_LANGUAGE_STANDARD = gnu11;
				GCC_NO_COMMON_BLOCKS = YES;
				GCC_WARN_64_TO_32_BIT_CONVERSION = YES;
				GCC_WARN_ABOUT_RETURN_TYPE = YES_ERROR;
				GCC_WARN_UNDECLARED_SELECTOR = YES;
				GCC_WARN_UNINITIALIZED_AUTOS = YES_AGGRESSIVE;
				GCC_WARN_UNUSED_FUNCTION = YES;
				GCC_WARN_UNUSED_VARIABLE = YES;
				MACOSX_DEPLOYMENT_TARGET = 14.0;
				MTL_ENABLE_DEBUG_INFO = NO;
				MTL_FAST_MATH = YES;
				PRODUCT_NAME = "$(TARGET_NAME)";
				SDKROOT = macosx;
				SWIFT_COMPILATION_MODE = wholemodule;
				SWIFT_OPTIMIZATION_LEVEL = "-O";
				SWIFT_VERSION = 5.0;
			};
			name = Release;
		};
		FD1FC1EE249ED4E5C84ACF86 /* Release */ = {
			isa = XCBuildConfiguration;
			buildSettings = {
				ASSETCATALOG_COMPILER_APPICON_NAME = AppIcon;
				CODE_SIGN_ENTITLEMENTS = Prunr/Prunr.entitlements;
				CODE_SIGN_STYLE = Automatic;
				COMBINE_HIDPI_IMAGES = YES;
				CURRENT_PROJECT_VERSION = 1;
				DEVELOPMENT_TEAM = "$(DEVELOPMENT_TEAM)";
				ENABLE_PREVIEWS = YES;
				GENERATE_INFOPLIST_FILE = YES;
				INFOPLIST_KEY_LSApplicationCategoryType = "public.app-category.utilities";
				INFOPLIST_KEY_LSMinimumSystemVersion = 14.0;
				INFOPLIST_KEY_NSHumanReadableCopyright = "Copyright © 2026";
				LD_RUNPATH_SEARCH_PATHS = (
					"$(inherited)",
					"@executable_path/../Frameworks",
				);
				MARKETING_VERSION = 0.1.2;
				PRODUCT_BUNDLE_IDENTIFIER = com.prunr.app;
				PRODUCT_NAME = Prunr;
				SDKROOT = macosx;
				SWIFT_VERSION = 5.0;
			};
			name = Release;
		};
		FF4A0C26E516FF870C58C438 /* Debug */ = {
			isa = XCBuildConfiguration;
			buildSettings = {
				BUNDLE_LOADER = "$(TEST_HOST)";
				COMBINE_HIDPI_IMAGES = YES;
				GENERATE_INFOPLIST_FILE = YES;
				LD_RUNPATH_SEARCH_PATHS = (
					"$(inherited)",
					"@executable_path/../Frameworks",
					"@loader_path/../Frameworks",
				);
				PRODUCT_BUNDLE_IDENTIFIER = com.prunr.app.tests;
				PRODUCT_NAME = PrunrTests;
				SDKROOT = macosx;
				SWIFT_VERSION = 5.0;
				TEST_HOST = "$(BUILT_PRODUCTS_DIR)/Prunr.app/Contents/MacOS/Prunr";
			};
			name = Debug;
		};
/* End XCBuildConfiguration section */

/* Begin XCConfigurationList section */
		196531A0B49F1272144606EB /* Build configuration list for PBXNativeTarget "Prunr" */ = {
			isa = XCConfigurationList;
			buildConfigurations = (
				085FFC2EFF1557A611C399CD /* Debug */,
				FD1FC1EE249ED4E5C84ACF86 /* Release */,
			);
			defaultConfigurationIsVisible = 0;
			defaultConfigurationName = Debug;
		};
		5D7E41E8F8A0DC7CCC8029F0 /* Build configuration list for PBXProject "Prunr" */ = {
			isa = XCConfigurationList;
			buildConfigurations = (
				D236BE25955E76460ED54F42 /* Debug */,
				FC2ADB15CD31778BCBFF8104 /* Release */,
			);
			defaultConfigurationIsVisible = 0;
			defaultConfigurationName = Debug;
		};
		72634843F4CFC336A4E74BFD /* Build configuration list for PBXNativeTarget "PrunrTests" */ = {
			isa = XCConfigurationList;
			buildConfigurations = (
				FF4A0C26E516FF870C58C438 /* Debug */,
				4B4AF850FA51C72B28C9D5EE /* Release */,
			);
			defaultConfigurationIsVisible = 0;
			defaultConfigurationName = Debug;
		};
/* End XCConfigurationList section */

/* Begin XCLocalSwiftPackageReference section */
		5366D07FEA40584CA8589E35 /* XCLocalSwiftPackageReference "LocalPackages/GRDB.swift" */ = {
			isa = XCLocalSwiftPackageReference;
			relativePath = LocalPackages/GRDB.swift;
		};
/* End XCLocalSwiftPackageReference section */

/* Begin XCSwiftPackageProductDependency section */
		D9A0EE7728E6F09ABE5343D3 /* GRDB */ = {
			isa = XCSwiftPackageProductDependency;
			productName = GRDB;
		};
		E2B22E46386C6B33EB942744 /* GRDB */ = {
			isa = XCSwiftPackageProductDependency;
			productName = GRDB;
		};
/* End XCSwiftPackageProductDependency section */
	};
	rootObject = 35C9CAF2C3BD4CC0F2F5BA24 /* Project object */;
}
